
Microsoft Visual Studio Solution File, Format Version 12.00
# Visual Studio Version 17
VisualStudioVersion = 17.13.35931.197 d17.13
MinimumVisualStudioVersion = 10.0.40219.1
Project("{8BC9CEB8-8B4A-11D0-8D11-00A0C91BC942}") = "Problem_46_C2", "Problem_46_C2\Problem_46_C2.vcxproj", "{A49EBFCF-9519-4A56-9B43-3FE620B7E7DC}"
EndProject
Global
	GlobalSection(SolutionConfigurationPlatforms) = preSolution
		Debug|x64 = Debug|x64
		Debug|x86 = Debug|x86
		Release|x64 = Release|x64
		Release|x86 = Release|x86
	EndGlobalSection
	GlobalSection(ProjectConfigurationPlatforms) = postSolution
		{A49EBFCF-9519-4A56-9B43-3FE620B7E7DC}.Debug|x64.ActiveCfg = Debug|x64
		{A49EBFCF-9519-4A56-9B43-3FE620B7E7DC}.Debug|x64.Build.0 = Debug|x64
		{A49EBFCF-9519-4A56-9B43-3FE620B7E7DC}.Debug|x86.ActiveCfg = Debug|Win32
		{A49EBFCF-9519-4A56-9B43-3FE620B7E7DC}.Debug|x86.Build.0 = Debug|Win32
		{A49EBFCF-9519-4A56-9B43-3FE620B7E7DC}.Release|x64.ActiveCfg = Release|x64
		{A49EBFCF-9519-4A56-9B43-3FE620B7E7DC}.Release|x64.Build.0 = Release|x64
		{A49EBFCF-9519-4A56-9B43-3FE620B7E7DC}.Release|x86.ActiveCfg = Release|Win32
		{A49EBFCF-9519-4A56-9B43-3FE620B7E7DC}.Release|x86.Build.0 = Release|Win32
	EndGlobalSection
	GlobalSection(SolutionProperties) = preSolution
		HideSolutionNode = FALSE
	EndGlobalSection
	GlobalSection(ExtensibilityGlobals) = postSolution
		SolutionGuid = {52D85773-BBB9-4179-A7CA-1D5F878E4E9C}
	EndGlobalSection
EndGlobal
