
Microsoft Visual Studio Solution File, Format Version 12.00
# Visual Studio Version 17
VisualStudioVersion = 17.13.35931.197 d17.13
MinimumVisualStudioVersion = 10.0.40219.1
Project("{8BC9CEB8-8B4A-11D0-8D11-00A0C91BC942}") = "BreakStatement", "BreakStatement\BreakStatement.vcxproj", "{49824F12-02A1-4461-A92A-1B93C873A521}"
EndProject
Global
	GlobalSection(SolutionConfigurationPlatforms) = preSolution
		Debug|x64 = Debug|x64
		Debug|x86 = Debug|x86
		Release|x64 = Release|x64
		Release|x86 = Release|x86
	EndGlobalSection
	GlobalSection(ProjectConfigurationPlatforms) = postSolution
		{49824F12-02A1-4461-A92A-1B93C873A521}.Debug|x64.ActiveCfg = Debug|x64
		{49824F12-02A1-4461-A92A-1B93C873A521}.Debug|x64.Build.0 = Debug|x64
		{49824F12-02A1-4461-A92A-1B93C873A521}.Debug|x86.ActiveCfg = Debug|Win32
		{49824F12-02A1-4461-A92A-1B93C873A521}.Debug|x86.Build.0 = Debug|Win32
		{49824F12-02A1-4461-A92A-1B93C873A521}.Release|x64.ActiveCfg = Release|x64
		{49824F12-02A1-4461-A92A-1B93C873A521}.Release|x64.Build.0 = Release|x64
		{49824F12-02A1-4461-A92A-1B93C873A521}.Release|x86.ActiveCfg = Release|Win32
		{49824F12-02A1-4461-A92A-1B93C873A521}.Release|x86.Build.0 = Release|Win32
	EndGlobalSection
	GlobalSection(SolutionProperties) = preSolution
		HideSolutionNode = FALSE
	EndGlobalSection
	GlobalSection(ExtensibilityGlobals) = postSolution
		SolutionGuid = {9DE87073-0DC5-4F60-851A-E5E30D63B383}
	EndGlobalSection
EndGlobal
