
Microsoft Visual Studio Solution File, Format Version 12.00
# Visual Studio Version 17
VisualStudioVersion = 17.13.35931.197 d17.13
MinimumVisualStudioVersion = 10.0.40219.1
Project("{8BC9CEB8-8B4A-11D0-8D11-00A0C91BC942}") = "stringPro", "stringPro\stringPro.vcxproj", "{F35F4B93-CC7D-4B98-BAA3-696EDF93D07A}"
EndProject
Global
	GlobalSection(SolutionConfigurationPlatforms) = preSolution
		Debug|x64 = Debug|x64
		Debug|x86 = Debug|x86
		Release|x64 = Release|x64
		Release|x86 = Release|x86
	EndGlobalSection
	GlobalSection(ProjectConfigurationPlatforms) = postSolution
		{F35F4B93-CC7D-4B98-BAA3-696EDF93D07A}.Debug|x64.ActiveCfg = Debug|x64
		{F35F4B93-CC7D-4B98-BAA3-696EDF93D07A}.Debug|x64.Build.0 = Debug|x64
		{F35F4B93-CC7D-4B98-BAA3-696EDF93D07A}.Debug|x86.ActiveCfg = Debug|Win32
		{F35F4B93-CC7D-4B98-BAA3-696EDF93D07A}.Debug|x86.Build.0 = Debug|Win32
		{F35F4B93-CC7D-4B98-BAA3-696EDF93D07A}.Release|x64.ActiveCfg = Release|x64
		{F35F4B93-CC7D-4B98-BAA3-696EDF93D07A}.Release|x64.Build.0 = Release|x64
		{F35F4B93-CC7D-4B98-BAA3-696EDF93D07A}.Release|x86.ActiveCfg = Release|Win32
		{F35F4B93-CC7D-4B98-BAA3-696EDF93D07A}.Release|x86.Build.0 = Release|Win32
	EndGlobalSection
	GlobalSection(SolutionProperties) = preSolution
		HideSolutionNode = FALSE
	EndGlobalSection
	GlobalSection(ExtensibilityGlobals) = postSolution
		SolutionGuid = {9CDAD0C6-84E4-4FAF-95CD-D104F60828A8}
	EndGlobalSection
EndGlobal
